// !$*UTF8*$!
{
	archiveVersion = 1;
	classes = {
	};
	objectVersion = 50;
	objects = {

/* Begin PBXBuildFile section */
		83D1F59B2412F48400711E20 /* AppDelegate.swift in Sources */ = {isa = PBXBuildFile; fileRef = 83D1F59A2412F48400711E20 /* AppDelegate.swift */; };
		83D1F59D2412F48400711E20 /* SceneDelegate.swift in Sources */ = {isa = PBXBuildFile; fileRef = 83D1F59C2412F48400711E20 /* SceneDelegate.swift */; };
		83D1F59F2412F48400711E20 /* ViewController.swift in Sources */ = {isa = PBXBuildFile; fileRef = 83D1F59E2412F48400711E20 /* ViewController.swift */; };
		83D1F5A22412F48400711E20 /* Main.storyboard in Resources */ = {isa = PBXBuildFile; fileRef = 83D1F5A02412F48400711E20 /* Main.storyboard */; };
		83D1F5A42412F48500711E20 /* Assets.xcassets in Resources */ = {isa = PBXBuildFile; fileRef = 83D1F5A32412F48500711E20 /* Assets.xcassets */; };
		83D1F5A72412F48500711E20 /* LaunchScreen.storyboard in Resources */ = {isa = PBXBuildFile; fileRef = 83D1F5A52412F48500711E20 /* LaunchScreen.storyboard */; };
		83D1F5AF2412F4CA00711E20 /* AltaViewController.swift in Sources */ = {isa = PBXBuildFile; fileRef = 83D1F5AE2412F4CA00711E20 /* AltaViewController.swift */; };
		83D1F5B12412F71C00711E20 /* Modelo.swift in Sources */ = {isa = PBXBuildFile; fileRef = 83D1F5B02412F71C00711E20 /* Modelo.swift */; };
		83D1F5B32412F8E200711E20 /* icons8-game-controller-52.png in Resources */ = {isa = PBXBuildFile; fileRef = 83D1F5B22412F8E200711E20 /* icons8-game-controller-52.png */; };
/* End PBXBuildFile section */

/* Begin PBXFileReference section */
		83D1F5972412F48400711E20 /* practica1.app */ = {isa = PBXFileReference; explicitFileType = wrapper.application; includeInIndex = 0; path = practica1.app; sourceTree = BUILT_PRODUCTS_DIR; };
		83D1F59A2412F48400711E20 /* AppDelegate.swift */ = {isa = PBXFileReference; lastKnownFileType = sourcecode.swift; path = AppDelegate.swift; sourceTree = "<group>"; };
		83D1F59C2412F48400711E20 /* SceneDelegate.swift */ = {isa = PBXFileReference; lastKnownFileType = sourcecode.swift; path = SceneDelegate.swift; sourceTree = "<group>"; };
		83D1F59E2412F48400711E20 /* ViewController.swift */ = {isa = PBXFileReference; lastKnownFileType = sourcecode.swift; path = ViewController.swift; sourceTree = "<group>"; };
		83D1F5A12412F48400711E20 /* Base */ = {isa = PBXFileReference; lastKnownFileType = file.storyboard; name = Base; path = Base.lproj/Main.storyboard; sourceTree = "<group>"; };
		83D1F5A32412F48500711E20 /* Assets.xcassets */ = {isa = PBXFileReference; lastKnownFileType = folder.assetcatalog; path = Assets.xcassets; sourceTree = "<group>"; };
		83D1F5A62412F48500711E20 /* Base */ = {isa = PBXFileReference; lastKnownFileType = file.storyboard; name = Base; path = Base.lproj/LaunchScreen.storyboard; sourceTree = "<group>"; };
		83D1F5A82412F48500711E20 /* Info.plist */ = {isa = PBXFileReference; lastKnownFileType = text.plist.xml; path = Info.plist; sourceTree = "<group>"; };
		83D1F5AE2412F4CA00711E20 /* AltaViewController.swift */ = {isa = PBXFileReference; lastKnownFileType = sourcecode.swift; path = AltaViewController.swift; sourceTree = "<group>"; };
		83D1F5B02412F71C00711E20 /* Modelo.swift */ = {isa = PBXFileReference; lastKnownFileType = sourcecode.swift; path = Modelo.swift; sourceTree = "<group>"; };
		83D1F5B22412F8E200711E20 /* icons8-game-controller-52.png */ = {isa = PBXFileReference; lastKnownFileType = image.png; name = "icons8-game-controller-52.png"; path = "../../../../Downloads/icons8-game-controller-52.png"; sourceTree = "<group>"; };
/* End PBXFileReference section */

/* Begin PBXFrameworksBuildPhase section */
		83D1F5942412F48400711E20 /* Frameworks */ = {
			isa = PBXFrameworksBuildPhase;
			buildActionMask = 2147483647;
			files = (
			);
			runOnlyForDeploymentPostprocessing = 0;
		};
/* End PBXFrameworksBuildPhase section */

/* Begin PBXGroup section */
		83D1F58E2412F48400711E20 = {
			isa = PBXGroup;
			children = (
				83D1F5992412F48400711E20 /* practica1 */,
				83D1F5982412F48400711E20 /* Products */,
			);
			sourceTree = "<group>";
		};
		83D1F5982412F48400711E20 /* Products */ = {
			isa = PBXGroup;
			children = (
				83D1F5972412F48400711E20 /* practica1.app */,
			);
			name = Products;
			sourceTree = "<group>";
		};
		83D1F5992412F48400711E20 /* practica1 */ = {
			isa = PBXGroup;
			children = (
				83D1F5B22412F8E200711E20 /* icons8-game-controller-52.png */,
				83D1F59A2412F48400711E20 /* AppDelegate.swift */,
				83D1F59C2412F48400711E20 /* SceneDelegate.swift */,
				83D1F59E2412F48400711E20 /* ViewController.swift */,
				83D1F5A02412F48400711E20 /* Main.storyboard */,
				83D1F5A32412F48500711E20 /* Assets.xcassets */,
				83D1F5A52412F48500711E20 /* LaunchScreen.storyboard */,
				83D1F5A82412F48500711E20 /* Info.plist */,
				83D1F5AE2412F4CA00711E20 /* AltaViewController.swift */,
				83D1F5B02412F71C00711E20 /* Modelo.swift */,
			);
			path = practica1;
			sourceTree = "<group>";
		};
/* End PBXGroup section */

/* Begin PBXNativeTarget section */
		83D1F5962412F48400711E20 /* practica1 */ = {
			isa = PBXNativeTarget;
			buildConfigurationList = 83D1F5AB2412F48500711E20 /* Build configuration list for PBXNativeTarget "practica1" */;
			buildPhases = (
				83D1F5932412F48400711E20 /* Sources */,
				83D1F5942412F48400711E20 /* Frameworks */,
				83D1F5952412F48400711E20 /* Resources */,
			);
			buildRules = (
			);
			dependencies = (
			);
			name = practica1;
			productName = practica1;
			productReference = 83D1F5972412F48400711E20 /* practica1.app */;
			productType = "com.apple.product-type.application";
		};
/* End PBXNativeTarget section */

/* Begin PBXProject section */
		83D1F58F2412F48400711E20 /* Project object */ = {
			isa = PBXProject;
			attributes = {
				LastSwiftUpdateCheck = 1130;
				LastUpgradeCheck = 1130;
				ORGANIZATIONNAME = ISSC612;
				TargetAttributes = {
					83D1F5962412F48400711E20 = {
						CreatedOnToolsVersion = 11.3;
					};
				};
			};
			buildConfigurationList = 83D1F5922412F48400711E20 /* Build configuration list for PBXProject "practica1" */;
			compatibilityVersion = "Xcode 9.3";
			developmentRegion = en;
			hasScannedForEncodings = 0;
			knownRegions = (
				en,
				Base,
			);
			mainGroup = 83D1F58E2412F48400711E20;
			productRefGroup = 83D1F5982412F48400711E20 /* Products */;
			projectDirPath = "";
			projectRoot = "";
			targets = (
				83D1F5962412F48400711E20 /* practica1 */,
			);
		};
/* End PBXProject section */

/* Begin PBXResourcesBuildPhase section */
		83D1F5952412F48400711E20 /* Resources */ = {
			isa = PBXResourcesBuildPhase;
			buildActionMask = 2147483647;
			files = (
				83D1F5B32412F8E200711E20 /* icons8-game-controller-52.png in Resources */,
				83D1F5A72412F48500711E20 /* LaunchScreen.storyboard in Resources */,
				83D1F5A42412F48500711E20 /* Assets.xcassets in Resources */,
				83D1F5A22412F48400711E20 /* Main.storyboard in Resources */,
			);
			runOnlyForDeploymentPostprocessing = 0;
		};
/* End PBXResourcesBuildPhase section */

/* Begin PBXSourcesBuildPhase section */
		83D1F5932412F48400711E20 /* Sources */ = {
			isa = PBXSourcesBuildPhase;
			buildActionMask = 2147483647;
			files = (
				83D1F5AF2412F4CA00711E20 /* AltaViewController.swift in Sources */,
				83D1F59F2412F48400711E20 /* ViewController.swift in Sources */,
				83D1F59B2412F48400711E20 /* AppDelegate.swift in Sources */,
				83D1F59D2412F48400711E20 /* SceneDelegate.swift in Sources */,
				83D1F5B12412F71C00711E20 /* Modelo.swift in Sources */,
			);
			runOnlyForDeploymentPostprocessing = 0;
		};
/* End PBXSourcesBuildPhase section */

/* Begin PBXVariantGroup section */
		83D1F5A02412F48400711E20 /* Main.storyboard */ = {
			isa = PBXVariantGroup;
			children = (
				83D1F5A12412F48400711E20 /* Base */,
			);
			name = Main.storyboard;
			sourceTree = "<group>";
		};
		83D1F5A52412F48500711E20 /* LaunchScreen.storyboard */ = {
			isa = PBXVariantGroup;
			children = (
				83D1F5A62412F48500711E20 /* Base */,
			);
			name = LaunchScreen.storyboard;
			sourceTree = "<group>";
		};
/* End PBXVariantGroup section */

/* Begin XCBuildConfiguration section */
		83D1F5A92412F48500711E20 /* Debug */ = {
			isa = XCBuildConfiguration;
			buildSettings = {
				ALWAYS_SEARCH_USER_PATHS = NO;
				CLANG_ANALYZER_NONNULL = YES;
				CLANG_ANALYZER_NUMBER_OBJECT_CONVERSION = YES_AGGRESSIVE;
				CLANG_CXX_LANGUAGE_STANDARD = "gnu++14";
				CLANG_CXX_LIBRARY = "libc++";
				CLANG_ENABLE_MODULES = YES;
				CLANG_ENABLE_OBJC_ARC = YES;
				CLANG_ENABLE_OBJC_WEAK = YES;
				CLANG_WARN_BLOCK_CAPTURE_AUTORELEASING = YES;
				CLANG_WARN_BOOL_CONVERSION = YES;
				CLANG_WARN_COMMA = YES;
				CLANG_WARN_CONSTANT_CONVERSION = YES;
				CLANG_WARN_DEPRECATED_OBJC_IMPLEMENTATIONS = YES;
				CLANG_WARN_DIRECT_OBJC_ISA_USAGE = YES_ERROR;
				CLANG_WARN_DOCUMENTATION_COMMENTS = YES;
				CLANG_WARN_EMPTY_BODY = YES;
				CLANG_WARN_ENUM_CONVERSION = YES;
				CLANG_WARN_INFINITE_RECURSION = YES;
				CLANG_WARN_INT_CONVERSION = YES;
				CLANG_WARN_NON_LITERAL_NULL_CONVERSION = YES;
				CLANG_WARN_OBJC_IMPLICIT_RETAIN_SELF = YES;
				CLANG_WARN_OBJC_LITERAL_CONVERSION = YES;
				CLANG_WARN_OBJC_ROOT_CLASS = YES_ERROR;
				CLANG_WARN_RANGE_LOOP_ANALYSIS = YES;
				CLANG_WARN_STRICT_PROTOTYPES = YES;
				CLANG_WARN_SUSPICIOUS_MOVE = YES;
				CLANG_WARN_UNGUARDED_AVAILABILITY = YES_AGGRESSIVE;
				CLANG_WARN_UNREACHABLE_CODE = YES;
				CLANG_WARN__DUPLICATE_METHOD_MATCH = YES;
				COPY_PHASE_STRIP = NO;
				DEBUG_INFORMATION_FORMAT = dwarf;
				ENABLE_STRICT_OBJC_MSGSEND = YES;
				ENABLE_TESTABILITY = YES;
				GCC_C_LANGUAGE_STANDARD = gnu11;
				GCC_DYNAMIC_NO_PIC = NO;
				GCC_NO_COMMON_BLOCKS = YES;
				GCC_OPTIMIZATION_LEVEL = 0;
				GCC_PREPROCESSOR_DEFINITIONS = (
					"DEBUG=1",
					"$(inherited)",
				);
				GCC_WARN_64_TO_32_BIT_CONVERSION = YES;
				GCC_WARN_ABOUT_RETURN_TYPE = YES_ERROR;
				GCC_WARN_UNDECLARED_SELECTOR = YES;
				GCC_WARN_UNINITIALIZED_AUTOS = YES_AGGRESSIVE;
				GCC_WARN_UNUSED_FUNCTION = YES;
				GCC_WARN_UNUSED_VARIABLE = YES;
				IPHONEOS_DEPLOYMENT_TARGET = 13.2;
				MTL_ENABLE_DEBUG_INFO = INCLUDE_SOURCE;
				MTL_FAST_MATH = YES;
				ONLY_ACTIVE_ARCH = YES;
				SDKROOT = iphoneos;
				SWIFT_ACTIVE_COMPILATION_CONDITIONS = DEBUG;
				SWIFT_OPTIMIZATION_LEVEL = "-Onone";
			};
			name = Debug;
		};
		83D1F5AA2412F48500711E20 /* Release */ = {
			isa = XCBuildConfiguration;
			buildSettings = {
				ALWAYS_SEARCH_USER_PATHS = NO;
				CLANG_ANALYZER_NONNULL = YES;
				CLANG_ANALYZER_NUMBER_OBJECT_CONVERSION = YES_AGGRESSIVE;
				CLANG_CXX_LANGUAGE_STANDARD = "gnu++14";
				CLANG_CXX_LIBRARY = "libc++";
				CLANG_ENABLE_MODULES = YES;
				CLANG_ENABLE_OBJC_ARC = YES;
				CLANG_ENABLE_OBJC_WEAK = YES;
				CLANG_WARN_BLOCK_CAPTURE_AUTORELEASING = YES;
				CLANG_WARN_BOOL_CONVERSION = YES;
				CLANG_WARN_COMMA = YES;
				CLANG_WARN_CONSTANT_CONVERSION = YES;
				CLANG_WARN_DEPRECATED_OBJC_IMPLEMENTATIONS = YES;
				CLANG_WARN_DIRECT_OBJC_ISA_USAGE = YES_ERROR;
				CLANG_WARN_DOCUMENTATION_COMMENTS = YES;
				CLANG_WARN_EMPTY_BODY = YES;
				CLANG_WARN_ENUM_CONVERSION = YES;
				CLANG_WARN_INFINITE_RECURSION = YES;
				CLANG_WARN_INT_CONVERSION = YES;
				CLANG_WARN_NON_LITERAL_NULL_CONVERSION = YES;
				CLANG_WARN_OBJC_IMPLICIT_RETAIN_SELF = YES;
				CLANG_WARN_OBJC_LITERAL_CONVERSION = YES;
				CLANG_WARN_OBJC_ROOT_CLASS = YES_ERROR;
				CLANG_WARN_RANGE_LOOP_ANALYSIS = YES;
				CLANG_WARN_STRICT_PROTOTYPES = YES;
				CLANG_WARN_SUSPICIOUS_MOVE = YES;
				CLANG_WARN_UNGUARDED_AVAILABILITY = YES_AGGRESSIVE;
				CLANG_WARN_UNREACHABLE_CODE = YES;
				CLANG_WARN__DUPLICATE_METHOD_MATCH = YES;
				COPY_PHASE_STRIP = NO;
				DEBUG_INFORMATION_FORMAT = "dwarf-with-dsym";
				ENABLE_NS_ASSERTIONS = NO;
				ENABLE_STRICT_OBJC_MSGSEND = YES;
				GCC_C_LANGUAGE_STANDARD = gnu11;
				GCC_NO_COMMON_BLOCKS = YES;
				GCC_WARN_64_TO_32_BIT_CONVERSION = YES;
				GCC_WARN_ABOUT_RETURN_TYPE = YES_ERROR;
				GCC_WARN_UNDECLARED_SELECTOR = YES;
				GCC_WARN_UNINITIALIZED_AUTOS = YES_AGGRESSIVE;
				GCC_WARN_UNUSED_FUNCTION = YES;
				GCC_WARN_UNUSED_VARIABLE = YES;
				IPHONEOS_DEPLOYMENT_TARGET = 13.2;
				MTL_ENABLE_DEBUG_INFO = NO;
				MTL_FAST_MATH = YES;
				SDKROOT = iphoneos;
				SWIFT_COMPILATION_MODE = wholemodule;
				SWIFT_OPTIMIZATION_LEVEL = "-O";
				VALIDATE_PRODUCT = YES;
			};
			name = Release;
		};
		83D1F5AC2412F48500711E20 /* Debug */ = {
			isa = XCBuildConfiguration;
			buildSettings = {
				ASSETCATALOG_COMPILER_APPICON_NAME = AppIcon;
				CODE_SIGN_STYLE = Automatic;
				DEVELOPMENT_TEAM = 2UL8HG3N6Z;
				INFOPLIST_FILE = practica1/Info.plist;
				LD_RUNPATH_SEARCH_PATHS = (
					"$(inherited)",
					"@executable_path/Frameworks",
				);
				PRODUCT_BUNDLE_IDENTIFIER = com.app.practica1;
				PRODUCT_NAME = "$(TARGET_NAME)";
				SWIFT_VERSION = 5.0;
				TARGETED_DEVICE_FAMILY = "1,2";
			};
			name = Debug;
		};
		83D1F5AD2412F48500711E20 /* Release */ = {
			isa = XCBuildConfiguration;
			buildSettings = {
				ASSETCATALOG_COMPILER_APPICON_NAME = AppIcon;
				CODE_SIGN_STYLE = Automatic;
				DEVELOPMENT_TEAM = 2UL8HG3N6Z;
				INFOPLIST_FILE = practica1/Info.plist;
				LD_RUNPATH_SEARCH_PATHS = (
					"$(inherited)",
					"@executable_path/Frameworks",
				);
				PRODUCT_BUNDLE_IDENTIFIER = com.app.practica1;
				PRODUCT_NAME = "$(TARGET_NAME)";
				SWIFT_VERSION = 5.0;
				TARGETED_DEVICE_FAMILY = "1,2";
			};
			name = Release;
		};
/* End XCBuildConfiguration section */

/* Begin XCConfigurationList section */
		83D1F5922412F48400711E20 /* Build configuration list for PBXProject "practica1" */ = {
			isa = XCConfigurationList;
			buildConfigurations = (
				83D1F5A92412F48500711E20 /* Debug */,
				83D1F5AA2412F48500711E20 /* Release */,
			);
			defaultConfigurationIsVisible = 0;
			defaultConfigurationName = Release;
		};
		83D1F5AB2412F48500711E20 /* Build configuration list for PBXNativeTarget "practica1" */ = {
			isa = XCConfigurationList;
			buildConfigurations = (
				83D1F5AC2412F48500711E20 /* Debug */,
				83D1F5AD2412F48500711E20 /* Release */,
			);
			defaultConfigurationIsVisible = 0;
			defaultConfigurationName = Release;
		};
/* End XCConfigurationList section */
	};
	rootObject = 83D1F58F2412F48400711E20 /* Project object */;
}
