// !$*UTF8*$!
{
	archiveVersion = 1;
	classes = {
	};
	objectVersion = 50;
	objects = {

/* Begin PBXBuildFile section */
		834D2B7D240722FB0002EEBF /* AppDelegate.swift in Sources */ = {isa = PBXBuildFile; fileRef = 834D2B7C240722FB0002EEBF /* AppDelegate.swift */; };
		834D2B7F240722FB0002EEBF /* SceneDelegate.swift in Sources */ = {isa = PBXBuildFile; fileRef = 834D2B7E240722FB0002EEBF /* SceneDelegate.swift */; };
		834D2B81240722FB0002EEBF /* ViewController.swift in Sources */ = {isa = PBXBuildFile; fileRef = 834D2B80240722FB0002EEBF /* ViewController.swift */; };
		834D2B84240722FB0002EEBF /* Main.storyboard in Resources */ = {isa = PBXBuildFile; fileRef = 834D2B82240722FB0002EEBF /* Main.storyboard */; };
		834D2B86240722FB0002EEBF /* Assets.xcassets in Resources */ = {isa = PBXBuildFile; fileRef = 834D2B85240722FB0002EEBF /* Assets.xcassets */; };
		834D2B89240722FB0002EEBF /* LaunchScreen.storyboard in Resources */ = {isa = PBXBuildFile; fileRef = 834D2B87240722FB0002EEBF /* LaunchScreen.storyboard */; };
/* End PBXBuildFile section */

/* Begin PBXFileReference section */
		834D2B79240722FB0002EEBF /* app8.app */ = {isa = PBXFileReference; explicitFileType = wrapper.application; includeInIndex = 0; path = app8.app; sourceTree = BUILT_PRODUCTS_DIR; };
		834D2B7C240722FB0002EEBF /* AppDelegate.swift */ = {isa = PBXFileReference; lastKnownFileType = sourcecode.swift; path = AppDelegate.swift; sourceTree = "<group>"; };
		834D2B7E240722FB0002EEBF /* SceneDelegate.swift */ = {isa = PBXFileReference; lastKnownFileType = sourcecode.swift; path = SceneDelegate.swift; sourceTree = "<group>"; };
		834D2B80240722FB0002EEBF /* ViewController.swift */ = {isa = PBXFileReference; lastKnownFileType = sourcecode.swift; path = ViewController.swift; sourceTree = "<group>"; };
		834D2B83240722FB0002EEBF /* Base */ = {isa = PBXFileReference; lastKnownFileType = file.storyboard; name = Base; path = Base.lproj/Main.storyboard; sourceTree = "<group>"; };
		834D2B85240722FB0002EEBF /* Assets.xcassets */ = {isa = PBXFileReference; lastKnownFileType = folder.assetcatalog; path = Assets.xcassets; sourceTree = "<group>"; };
		834D2B88240722FB0002EEBF /* Base */ = {isa = PBXFileReference; lastKnownFileType = file.storyboard; name = Base; path = Base.lproj/LaunchScreen.storyboard; sourceTree = "<group>"; };
		834D2B8A240722FB0002EEBF /* Info.plist */ = {isa = PBXFileReference; lastKnownFileType = text.plist.xml; path = Info.plist; sourceTree = "<group>"; };
/* End PBXFileReference section */

/* Begin PBXFrameworksBuildPhase section */
		834D2B76240722FB0002EEBF /* Frameworks */ = {
			isa = PBXFrameworksBuildPhase;
			buildActionMask = 2147483647;
			files = (
			);
			runOnlyForDeploymentPostprocessing = 0;
		};
/* End PBXFrameworksBuildPhase section */

/* Begin PBXGroup section */
		834D2B70240722FB0002EEBF = {
			isa = PBXGroup;
			children = (
				834D2B7B240722FB0002EEBF /* app8 */,
				834D2B7A240722FB0002EEBF /* Products */,
			);
			sourceTree = "<group>";
		};
		834D2B7A240722FB0002EEBF /* Products */ = {
			isa = PBXGroup;
			children = (
				834D2B79240722FB0002EEBF /* app8.app */,
			);
			name = Products;
			sourceTree = "<group>";
		};
		834D2B7B240722FB0002EEBF /* app8 */ = {
			isa = PBXGroup;
			children = (
				834D2B7C240722FB0002EEBF /* AppDelegate.swift */,
				834D2B7E240722FB0002EEBF /* SceneDelegate.swift */,
				834D2B80240722FB0002EEBF /* ViewController.swift */,
				834D2B82240722FB0002EEBF /* Main.storyboard */,
				834D2B85240722FB0002EEBF /* Assets.xcassets */,
				834D2B87240722FB0002EEBF /* LaunchScreen.storyboard */,
				834D2B8A240722FB0002EEBF /* Info.plist */,
			);
			path = app8;
			sourceTree = "<group>";
		};
/* End PBXGroup section */

/* Begin PBXNativeTarget section */
		834D2B78240722FB0002EEBF /* app8 */ = {
			isa = PBXNativeTarget;
			buildConfigurationList = 834D2B8D240722FB0002EEBF /* Build configuration list for PBXNativeTarget "app8" */;
			buildPhases = (
				834D2B75240722FB0002EEBF /* Sources */,
				834D2B76240722FB0002EEBF /* Frameworks */,
				834D2B77240722FB0002EEBF /* Resources */,
			);
			buildRules = (
			);
			dependencies = (
			);
			name = app8;
			productName = app8;
			productReference = 834D2B79240722FB0002EEBF /* app8.app */;
			productType = "com.apple.product-type.application";
		};
/* End PBXNativeTarget section */

/* Begin PBXProject section */
		834D2B71240722FB0002EEBF /* Project object */ = {
			isa = PBXProject;
			attributes = {
				LastSwiftUpdateCheck = 1130;
				LastUpgradeCheck = 1130;
				ORGANIZATIONNAME = ISSC612;
				TargetAttributes = {
					834D2B78240722FB0002EEBF = {
						CreatedOnToolsVersion = 11.3;
					};
				};
			};
			buildConfigurationList = 834D2B74240722FB0002EEBF /* Build configuration list for PBXProject "app8" */;
			compatibilityVersion = "Xcode 9.3";
			developmentRegion = en;
			hasScannedForEncodings = 0;
			knownRegions = (
				en,
				Base,
			);
			mainGroup = 834D2B70240722FB0002EEBF;
			productRefGroup = 834D2B7A240722FB0002EEBF /* Products */;
			projectDirPath = "";
			projectRoot = "";
			targets = (
				834D2B78240722FB0002EEBF /* app8 */,
			);
		};
/* End PBXProject section */

/* Begin PBXResourcesBuildPhase section */
		834D2B77240722FB0002EEBF /* Resources */ = {
			isa = PBXResourcesBuildPhase;
			buildActionMask = 2147483647;
			files = (
				834D2B89240722FB0002EEBF /* LaunchScreen.storyboard in Resources */,
				834D2B86240722FB0002EEBF /* Assets.xcassets in Resources */,
				834D2B84240722FB0002EEBF /* Main.storyboard in Resources */,
			);
			runOnlyForDeploymentPostprocessing = 0;
		};
/* End PBXResourcesBuildPhase section */

/* Begin PBXSourcesBuildPhase section */
		834D2B75240722FB0002EEBF /* Sources */ = {
			isa = PBXSourcesBuildPhase;
			buildActionMask = 2147483647;
			files = (
				834D2B81240722FB0002EEBF /* ViewController.swift in Sources */,
				834D2B7D240722FB0002EEBF /* AppDelegate.swift in Sources */,
				834D2B7F240722FB0002EEBF /* SceneDelegate.swift in Sources */,
			);
			runOnlyForDeploymentPostprocessing = 0;
		};
/* End PBXSourcesBuildPhase section */

/* Begin PBXVariantGroup section */
		834D2B82240722FB0002EEBF /* Main.storyboard */ = {
			isa = PBXVariantGroup;
			children = (
				834D2B83240722FB0002EEBF /* Base */,
			);
			name = Main.storyboard;
			sourceTree = "<group>";
		};
		834D2B87240722FB0002EEBF /* LaunchScreen.storyboard */ = {
			isa = PBXVariantGroup;
			children = (
				834D2B88240722FB0002EEBF /* Base */,
			);
			name = LaunchScreen.storyboard;
			sourceTree = "<group>";
		};
/* End PBXVariantGroup section */

/* Begin XCBuildConfiguration section */
		834D2B8B240722FB0002EEBF /* Debug */ = {
			isa = XCBuildConfiguration;
			buildSettings = {
				ALWAYS_SEARCH_USER_PATHS = NO;
				CLANG_ANALYZER_NONNULL = YES;
				CLANG_ANALYZER_NUMBER_OBJECT_CONVERSION = YES_AGGRESSIVE;
				CLANG_CXX_LANGUAGE_STANDARD = "gnu++14";
				CLANG_CXX_LIBRARY = "libc++";
				CLANG_ENABLE_MODULES = YES;
				CLANG_ENABLE_OBJC_ARC = YES;
				CLANG_ENABLE_OBJC_WEAK = YES;
				CLANG_WARN_BLOCK_CAPTURE_AUTORELEASING = YES;
				CLANG_WARN_BOOL_CONVERSION = YES;
				CLANG_WARN_COMMA = YES;
				CLANG_WARN_CONSTANT_CONVERSION = YES;
				CLANG_WARN_DEPRECATED_OBJC_IMPLEMENTATIONS = YES;
				CLANG_WARN_DIRECT_OBJC_ISA_USAGE = YES_ERROR;
				CLANG_WARN_DOCUMENTATION_COMMENTS = YES;
				CLANG_WARN_EMPTY_BODY = YES;
				CLANG_WARN_ENUM_CONVERSION = YES;
				CLANG_WARN_INFINITE_RECURSION = YES;
				CLANG_WARN_INT_CONVERSION = YES;
				CLANG_WARN_NON_LITERAL_NULL_CONVERSION = YES;
				CLANG_WARN_OBJC_IMPLICIT_RETAIN_SELF = YES;
				CLANG_WARN_OBJC_LITERAL_CONVERSION = YES;
				CLANG_WARN_OBJC_ROOT_CLASS = YES_ERROR;
				CLANG_WARN_RANGE_LOOP_ANALYSIS = YES;
				CLANG_WARN_STRICT_PROTOTYPES = YES;
				CLANG_WARN_SUSPICIOUS_MOVE = YES;
				CLANG_WARN_UNGUARDED_AVAILABILITY = YES_AGGRESSIVE;
				CLANG_WARN_UNREACHABLE_CODE = YES;
				CLANG_WARN__DUPLICATE_METHOD_MATCH = YES;
				COPY_PHASE_STRIP = NO;
				DEBUG_INFORMATION_FORMAT = dwarf;
				ENABLE_STRICT_OBJC_MSGSEND = YES;
				ENABLE_TESTABILITY = YES;
				GCC_C_LANGUAGE_STANDARD = gnu11;
				GCC_DYNAMIC_NO_PIC = NO;
				GCC_NO_COMMON_BLOCKS = YES;
				GCC_OPTIMIZATION_LEVEL = 0;
				GCC_PREPROCESSOR_DEFINITIONS = (
					"DEBUG=1",
					"$(inherited)",
				);
				GCC_WARN_64_TO_32_BIT_CONVERSION = YES;
				GCC_WARN_ABOUT_RETURN_TYPE = YES_ERROR;
				GCC_WARN_UNDECLARED_SELECTOR = YES;
				GCC_WARN_UNINITIALIZED_AUTOS = YES_AGGRESSIVE;
				GCC_WARN_UNUSED_FUNCTION = YES;
				GCC_WARN_UNUSED_VARIABLE = YES;
				IPHONEOS_DEPLOYMENT_TARGET = 13.2;
				MTL_ENABLE_DEBUG_INFO = INCLUDE_SOURCE;
				MTL_FAST_MATH = YES;
				ONLY_ACTIVE_ARCH = YES;
				SDKROOT = iphoneos;
				SWIFT_ACTIVE_COMPILATION_CONDITIONS = DEBUG;
				SWIFT_OPTIMIZATION_LEVEL = "-Onone";
			};
			name = Debug;
		};
		834D2B8C240722FB0002EEBF /* Release */ = {
			isa = XCBuildConfiguration;
			buildSettings = {
				ALWAYS_SEARCH_USER_PATHS = NO;
				CLANG_ANALYZER_NONNULL = YES;
				CLANG_ANALYZER_NUMBER_OBJECT_CONVERSION = YES_AGGRESSIVE;
				CLANG_CXX_LANGUAGE_STANDARD = "gnu++14";
				CLANG_CXX_LIBRARY = "libc++";
				CLANG_ENABLE_MODULES = YES;
				CLANG_ENABLE_OBJC_ARC = YES;
				CLANG_ENABLE_OBJC_WEAK = YES;
				CLANG_WARN_BLOCK_CAPTURE_AUTORELEASING = YES;
				CLANG_WARN_BOOL_CONVERSION = YES;
				CLANG_WARN_COMMA = YES;
				CLANG_WARN_CONSTANT_CONVERSION = YES;
				CLANG_WARN_DEPRECATED_OBJC_IMPLEMENTATIONS = YES;
				CLANG_WARN_DIRECT_OBJC_ISA_USAGE = YES_ERROR;
				CLANG_WARN_DOCUMENTATION_COMMENTS = YES;
				CLANG_WARN_EMPTY_BODY = YES;
				CLANG_WARN_ENUM_CONVERSION = YES;
				CLANG_WARN_INFINITE_RECURSION = YES;
				CLANG_WARN_INT_CONVERSION = YES;
				CLANG_WARN_NON_LITERAL_NULL_CONVERSION = YES;
				CLANG_WARN_OBJC_IMPLICIT_RETAIN_SELF = YES;
				CLANG_WARN_OBJC_LITERAL_CONVERSION = YES;
				CLANG_WARN_OBJC_ROOT_CLASS = YES_ERROR;
				CLANG_WARN_RANGE_LOOP_ANALYSIS = YES;
				CLANG_WARN_STRICT_PROTOTYPES = YES;
				CLANG_WARN_SUSPICIOUS_MOVE = YES;
				CLANG_WARN_UNGUARDED_AVAILABILITY = YES_AGGRESSIVE;
				CLANG_WARN_UNREACHABLE_CODE = YES;
				CLANG_WARN__DUPLICATE_METHOD_MATCH = YES;
				COPY_PHASE_STRIP = NO;
				DEBUG_INFORMATION_FORMAT = "dwarf-with-dsym";
				ENABLE_NS_ASSERTIONS = NO;
				ENABLE_STRICT_OBJC_MSGSEND = YES;
				GCC_C_LANGUAGE_STANDARD = gnu11;
				GCC_NO_COMMON_BLOCKS = YES;
				GCC_WARN_64_TO_32_BIT_CONVERSION = YES;
				GCC_WARN_ABOUT_RETURN_TYPE = YES_ERROR;
				GCC_WARN_UNDECLARED_SELECTOR = YES;
				GCC_WARN_UNINITIALIZED_AUTOS = YES_AGGRESSIVE;
				GCC_WARN_UNUSED_FUNCTION = YES;
				GCC_WARN_UNUSED_VARIABLE = YES;
				IPHONEOS_DEPLOYMENT_TARGET = 13.2;
				MTL_ENABLE_DEBUG_INFO = NO;
				MTL_FAST_MATH = YES;
				SDKROOT = iphoneos;
				SWIFT_COMPILATION_MODE = wholemodule;
				SWIFT_OPTIMIZATION_LEVEL = "-O";
				VALIDATE_PRODUCT = YES;
			};
			name = Release;
		};
		834D2B8E240722FB0002EEBF /* Debug */ = {
			isa = XCBuildConfiguration;
			buildSettings = {
				ASSETCATALOG_COMPILER_APPICON_NAME = AppIcon;
				CODE_SIGN_STYLE = Automatic;
				DEVELOPMENT_TEAM = 2UL8HG3N6Z;
				INFOPLIST_FILE = app8/Info.plist;
				LD_RUNPATH_SEARCH_PATHS = (
					"$(inherited)",
					"@executable_path/Frameworks",
				);
				PRODUCT_BUNDLE_IDENTIFIER = com.app.app8;
				PRODUCT_NAME = "$(TARGET_NAME)";
				SWIFT_VERSION = 5.0;
				TARGETED_DEVICE_FAMILY = "1,2";
			};
			name = Debug;
		};
		834D2B8F240722FB0002EEBF /* Release */ = {
			isa = XCBuildConfiguration;
			buildSettings = {
				ASSETCATALOG_COMPILER_APPICON_NAME = AppIcon;
				CODE_SIGN_STYLE = Automatic;
				DEVELOPMENT_TEAM = 2UL8HG3N6Z;
				INFOPLIST_FILE = app8/Info.plist;
				LD_RUNPATH_SEARCH_PATHS = (
					"$(inherited)",
					"@executable_path/Frameworks",
				);
				PRODUCT_BUNDLE_IDENTIFIER = com.app.app8;
				PRODUCT_NAME = "$(TARGET_NAME)";
				SWIFT_VERSION = 5.0;
				TARGETED_DEVICE_FAMILY = "1,2";
			};
			name = Release;
		};
/* End XCBuildConfiguration section */

/* Begin XCConfigurationList section */
		834D2B74240722FB0002EEBF /* Build configuration list for PBXProject "app8" */ = {
			isa = XCConfigurationList;
			buildConfigurations = (
				834D2B8B240722FB0002EEBF /* Debug */,
				834D2B8C240722FB0002EEBF /* Release */,
			);
			defaultConfigurationIsVisible = 0;
			defaultConfigurationName = Release;
		};
		834D2B8D240722FB0002EEBF /* Build configuration list for PBXNativeTarget "app8" */ = {
			isa = XCConfigurationList;
			buildConfigurations = (
				834D2B8E240722FB0002EEBF /* Debug */,
				834D2B8F240722FB0002EEBF /* Release */,
			);
			defaultConfigurationIsVisible = 0;
			defaultConfigurationName = Release;
		};
/* End XCConfigurationList section */
	};
	rootObject = 834D2B71240722FB0002EEBF /* Project object */;
}
